
Microsoft Visual Studio Solution File, Format Version 12.00
# Visual Studio Version 17
VisualStudioVersion = 17.10.35027.167
MinimumVisualStudioVersion = 10.0.40219.1
Project("{FAE04EC0-301F-11D3-BF4B-00C04F79EFBC}") = "ProductApi", "ProductApi.csproj", "{E6973D77-A104-4127-B6BF-799F5EDA42CE}"
EndProject
Global
	GlobalSection(SolutionConfigurationPlatforms) = preSolution
		Debug|Any CPU = Debug|Any CPU
		Release|Any CPU = Release|Any CPU
	EndGlobalSection
	GlobalSection(ProjectConfigurationPlatforms) = postSolution
		{E6973D77-A104-4127-B6BF-799F5EDA42CE}.Debug|Any CPU.ActiveCfg = Debug|Any CPU
		{E6973D77-A104-4127-B6BF-799F5EDA42CE}.Debug|Any CPU.Build.0 = Debug|Any CPU
		{E6973D77-A104-4127-B6BF-799F5EDA42CE}.Release|Any CPU.ActiveCfg = Release|Any CPU
		{E6973D77-A104-4127-B6BF-799F5EDA42CE}.Release|Any CPU.Build.0 = Release|Any CPU
	EndGlobalSection
	GlobalSection(SolutionProperties) = preSolution
		HideSolutionNode = FALSE
	EndGlobalSection
	GlobalSection(ExtensibilityGlobals) = postSolution
		SolutionGuid = {FA377FA0-D4D2-4F0D-9594-C80BA5943A2D}
	EndGlobalSection
EndGlobal
